
Microsoft Visual Studio Solution File, Format Version 12.00
Project("{FAE04EC0-301F-11D3-BF4B-00C04F79EFBC}") = "if-else-if", "if-else-if\if-else-if.csproj", "{28E6E60E-3AC5-46ED-97A1-B77C141F63BA}"
EndProject
Global
	GlobalSection(SolutionConfigurationPlatforms) = preSolution
		Debug|Any CPU = Debug|Any CPU
		Release|Any CPU = Release|Any CPU
	EndGlobalSection
	GlobalSection(ProjectConfigurationPlatforms) = postSolution
		{28E6E60E-3AC5-46ED-97A1-B77C141F63BA}.Debug|Any CPU.ActiveCfg = Debug|Any CPU
		{28E6E60E-3AC5-46ED-97A1-B77C141F63BA}.Debug|Any CPU.Build.0 = Debug|Any CPU
		{28E6E60E-3AC5-46ED-97A1-B77C141F63BA}.Release|Any CPU.ActiveCfg = Release|Any CPU
		{28E6E60E-3AC5-46ED-97A1-B77C141F63BA}.Release|Any CPU.Build.0 = Release|Any CPU
	EndGlobalSection
EndGlobal
